
Microsoft Visual Studio Solution File, Format Version 12.00
# Visual Studio 15
VisualStudioVersion = 15.0.27130.2003
MinimumVisualStudioVersion = 10.0.40219.1
Project("{FAE04EC0-301F-11D3-BF4B-00C04F79EFBC}") = "PersonelTakipSistemi", "PersonelTakipSistemi\PersonelTakipSistemi.csproj", "{3166DC19-827D-4425-AF9C-4C860A15EE93}"
EndProject
Global
	GlobalSection(SolutionConfigurationPlatforms) = preSolution
		Debug|Any CPU = Debug|Any CPU
		Release|Any CPU = Release|Any CPU
	EndGlobalSection
	GlobalSection(ProjectConfigurationPlatforms) = postSolution
		{3166DC19-827D-4425-AF9C-4C860A15EE93}.Debug|Any CPU.ActiveCfg = Debug|Any CPU
		{3166DC19-827D-4425-AF9C-4C860A15EE93}.Debug|Any CPU.Build.0 = Debug|Any CPU
		{3166DC19-827D-4425-AF9C-4C860A15EE93}.Release|Any CPU.ActiveCfg = Release|Any CPU
		{3166DC19-827D-4425-AF9C-4C860A15EE93}.Release|Any CPU.Build.0 = Release|Any CPU
	EndGlobalSection
	GlobalSection(SolutionProperties) = preSolution
		HideSolutionNode = FALSE
	EndGlobalSection
	GlobalSection(ExtensibilityGlobals) = postSolution
		SolutionGuid = {D2106BCD-A070-4FD9-BCDB-21E1130270CB}
	EndGlobalSection
EndGlobal
